
Microsoft Visual Studio Solution File, Format Version 12.00
# Visual Studio Version 17
VisualStudioVersion = 17.14.36401.2
MinimumVisualStudioVersion = 10.0.40219.1
Project("{2150E333-8FDC-42A3-9474-1A3956D46DE8}") = "src", "src", "{02EA681E-C7D8-13C7-8484-4AC65E1B71E8}"
EndProject
Project("{8BC9CEB8-8B4A-11D0-8D11-00A0C91BC942}") = "mod_aspdotnet", "src\mod_aspdotnet\mod_aspdotnet.vcxproj", "{B15E6105-D38C-4FC0-9D7D-AE3B8E62EDE3}"
EndProject
Project("{8BC9CEB8-8B4A-11D0-8D11-00A0C91BC942}") = "resolve_apache", "src\resolve_apache\resolve_apache.vcxproj", "{C49F1213-0CB1-43AB-82C2-A41728441B40}"
EndProject
Project("{8BC9CEB8-8B4A-11D0-8D11-00A0C91BC942}") = "ApacheWeb", "src\ApacheWeb\ApacheWeb.vcxproj", "{11051F27-A85F-4D3E-990B-823F75F5F807}"
EndProject
Project("{2150E333-8FDC-42A3-9474-1A3956D46DE8}") = "Installer", "Installer", "{B3472CB7-9B6F-495E-9BC4-708AB8646EB0}"
EndProject
Project("{B7DD6F7E-DEF8-4E67-B5B7-07EF123DB6F0}") = "Setup", "src\Installer\Setup\Setup.wixproj", "{C9C73349-B7E2-4DFB-8F64-686291B6BA93}"
EndProject
Project("{B7DD6F7E-DEF8-4E67-B5B7-07EF123DB6F0}") = "Bootstrapper", "src\Installer\Bootstrapper\Bootstrapper.wixproj", "{B6F61E39-E6FB-4C40-A04C-152BB92E5E38}"
EndProject
Global
	GlobalSection(SolutionConfigurationPlatforms) = preSolution
		Debug|ARM64 = Debug|ARM64
		Debug|x64 = Debug|x64
		Debug|x86 = Debug|x86
		Release|ARM64 = Release|ARM64
		Release|x64 = Release|x64
		Release|x86 = Release|x86
	EndGlobalSection
	GlobalSection(ProjectConfigurationPlatforms) = postSolution
		{B15E6105-D38C-4FC0-9D7D-AE3B8E62EDE3}.Debug|ARM64.ActiveCfg = Debug|x64
		{B15E6105-D38C-4FC0-9D7D-AE3B8E62EDE3}.Debug|ARM64.Build.0 = Debug|x64
		{B15E6105-D38C-4FC0-9D7D-AE3B8E62EDE3}.Debug|x64.ActiveCfg = Debug|x64
		{B15E6105-D38C-4FC0-9D7D-AE3B8E62EDE3}.Debug|x64.Build.0 = Debug|x64
		{B15E6105-D38C-4FC0-9D7D-AE3B8E62EDE3}.Debug|x86.ActiveCfg = Debug|Win32
		{B15E6105-D38C-4FC0-9D7D-AE3B8E62EDE3}.Debug|x86.Build.0 = Debug|Win32
		{B15E6105-D38C-4FC0-9D7D-AE3B8E62EDE3}.Release|ARM64.ActiveCfg = Release|x64
		{B15E6105-D38C-4FC0-9D7D-AE3B8E62EDE3}.Release|ARM64.Build.0 = Release|x64
		{B15E6105-D38C-4FC0-9D7D-AE3B8E62EDE3}.Release|x64.ActiveCfg = Release|x64
		{B15E6105-D38C-4FC0-9D7D-AE3B8E62EDE3}.Release|x64.Build.0 = Release|x64
		{B15E6105-D38C-4FC0-9D7D-AE3B8E62EDE3}.Release|x86.ActiveCfg = Release|Win32
		{B15E6105-D38C-4FC0-9D7D-AE3B8E62EDE3}.Release|x86.Build.0 = Release|Win32
		{C49F1213-0CB1-43AB-82C2-A41728441B40}.Debug|ARM64.ActiveCfg = Debug|x64
		{C49F1213-0CB1-43AB-82C2-A41728441B40}.Debug|ARM64.Build.0 = Debug|x64
		{C49F1213-0CB1-43AB-82C2-A41728441B40}.Debug|x64.ActiveCfg = Debug|x64
		{C49F1213-0CB1-43AB-82C2-A41728441B40}.Debug|x64.Build.0 = Debug|x64
		{C49F1213-0CB1-43AB-82C2-A41728441B40}.Debug|x86.ActiveCfg = Debug|Win32
		{C49F1213-0CB1-43AB-82C2-A41728441B40}.Debug|x86.Build.0 = Debug|Win32
		{C49F1213-0CB1-43AB-82C2-A41728441B40}.Release|ARM64.ActiveCfg = Release|x64
		{C49F1213-0CB1-43AB-82C2-A41728441B40}.Release|ARM64.Build.0 = Release|x64
		{C49F1213-0CB1-43AB-82C2-A41728441B40}.Release|x64.ActiveCfg = Release|x64
		{C49F1213-0CB1-43AB-82C2-A41728441B40}.Release|x64.Build.0 = Release|x64
		{C49F1213-0CB1-43AB-82C2-A41728441B40}.Release|x86.ActiveCfg = Release|Win32
		{C49F1213-0CB1-43AB-82C2-A41728441B40}.Release|x86.Build.0 = Release|Win32
		{11051F27-A85F-4D3E-990B-823F75F5F807}.Debug|ARM64.ActiveCfg = Debug|x64
		{11051F27-A85F-4D3E-990B-823F75F5F807}.Debug|ARM64.Build.0 = Debug|x64
		{11051F27-A85F-4D3E-990B-823F75F5F807}.Debug|x64.ActiveCfg = Debug|x64
		{11051F27-A85F-4D3E-990B-823F75F5F807}.Debug|x64.Build.0 = Debug|x64
		{11051F27-A85F-4D3E-990B-823F75F5F807}.Debug|x86.ActiveCfg = Debug|Win32
		{11051F27-A85F-4D3E-990B-823F75F5F807}.Debug|x86.Build.0 = Debug|Win32
		{11051F27-A85F-4D3E-990B-823F75F5F807}.Release|ARM64.ActiveCfg = Release|x64
		{11051F27-A85F-4D3E-990B-823F75F5F807}.Release|ARM64.Build.0 = Release|x64
		{11051F27-A85F-4D3E-990B-823F75F5F807}.Release|x64.ActiveCfg = Release|x64
		{11051F27-A85F-4D3E-990B-823F75F5F807}.Release|x64.Build.0 = Release|x64
		{11051F27-A85F-4D3E-990B-823F75F5F807}.Release|x86.ActiveCfg = Release|Win32
		{11051F27-A85F-4D3E-990B-823F75F5F807}.Release|x86.Build.0 = Release|Win32
		{C9C73349-B7E2-4DFB-8F64-686291B6BA93}.Debug|ARM64.ActiveCfg = Debug|ARM64
		{C9C73349-B7E2-4DFB-8F64-686291B6BA93}.Debug|ARM64.Build.0 = Debug|ARM64
		{C9C73349-B7E2-4DFB-8F64-686291B6BA93}.Debug|x64.ActiveCfg = Debug|x64
		{C9C73349-B7E2-4DFB-8F64-686291B6BA93}.Debug|x64.Build.0 = Debug|x64
		{C9C73349-B7E2-4DFB-8F64-686291B6BA93}.Debug|x86.ActiveCfg = Debug|x86
		{C9C73349-B7E2-4DFB-8F64-686291B6BA93}.Debug|x86.Build.0 = Debug|x86
		{C9C73349-B7E2-4DFB-8F64-686291B6BA93}.Release|ARM64.ActiveCfg = Release|ARM64
		{C9C73349-B7E2-4DFB-8F64-686291B6BA93}.Release|ARM64.Build.0 = Release|ARM64
		{C9C73349-B7E2-4DFB-8F64-686291B6BA93}.Release|x64.ActiveCfg = Release|x64
		{C9C73349-B7E2-4DFB-8F64-686291B6BA93}.Release|x64.Build.0 = Release|x64
		{C9C73349-B7E2-4DFB-8F64-686291B6BA93}.Release|x86.ActiveCfg = Release|x86
		{C9C73349-B7E2-4DFB-8F64-686291B6BA93}.Release|x86.Build.0 = Release|x86
		{B6F61E39-E6FB-4C40-A04C-152BB92E5E38}.Debug|ARM64.ActiveCfg = Debug|ARM64
		{B6F61E39-E6FB-4C40-A04C-152BB92E5E38}.Debug|ARM64.Build.0 = Debug|ARM64
		{B6F61E39-E6FB-4C40-A04C-152BB92E5E38}.Debug|x64.ActiveCfg = Debug|x64
		{B6F61E39-E6FB-4C40-A04C-152BB92E5E38}.Debug|x64.Build.0 = Debug|x64
		{B6F61E39-E6FB-4C40-A04C-152BB92E5E38}.Debug|x86.ActiveCfg = Debug|x86
		{B6F61E39-E6FB-4C40-A04C-152BB92E5E38}.Debug|x86.Build.0 = Debug|x86
		{B6F61E39-E6FB-4C40-A04C-152BB92E5E38}.Release|ARM64.ActiveCfg = Release|ARM64
		{B6F61E39-E6FB-4C40-A04C-152BB92E5E38}.Release|ARM64.Build.0 = Release|ARM64
		{B6F61E39-E6FB-4C40-A04C-152BB92E5E38}.Release|x64.ActiveCfg = Release|x64
		{B6F61E39-E6FB-4C40-A04C-152BB92E5E38}.Release|x64.Build.0 = Release|x64
		{B6F61E39-E6FB-4C40-A04C-152BB92E5E38}.Release|x86.ActiveCfg = Release|x86
		{B6F61E39-E6FB-4C40-A04C-152BB92E5E38}.Release|x86.Build.0 = Release|x86
	EndGlobalSection
	GlobalSection(SolutionProperties) = preSolution
		HideSolutionNode = FALSE
	EndGlobalSection
	GlobalSection(NestedProjects) = preSolution
		{B15E6105-D38C-4FC0-9D7D-AE3B8E62EDE3} = {02EA681E-C7D8-13C7-8484-4AC65E1B71E8}
		{C49F1213-0CB1-43AB-82C2-A41728441B40} = {02EA681E-C7D8-13C7-8484-4AC65E1B71E8}
		{11051F27-A85F-4D3E-990B-823F75F5F807} = {02EA681E-C7D8-13C7-8484-4AC65E1B71E8}
		{B3472CB7-9B6F-495E-9BC4-708AB8646EB0} = {02EA681E-C7D8-13C7-8484-4AC65E1B71E8}
		{C9C73349-B7E2-4DFB-8F64-686291B6BA93} = {B3472CB7-9B6F-495E-9BC4-708AB8646EB0}
		{B6F61E39-E6FB-4C40-A04C-152BB92E5E38} = {B3472CB7-9B6F-495E-9BC4-708AB8646EB0}
	EndGlobalSection
	GlobalSection(ExtensibilityGlobals) = postSolution
		SolutionGuid = {B7FB9F6C-2E99-4CD2-A610-D53DEF58E491}
	EndGlobalSection
EndGlobal
